{
  "requires": true,
  "lockfileVersion": 1,
  "dependencies": {
    "@fortawesome/fontawesome-free": {
      "version": "5.15.4",
      "resolved": "https://registry.nlark.com/@fortawesome/fontawesome-free/download/@fortawesome/fontawesome-free-5.15.4.tgz",
      "integrity": "sha1-7NpXErYayFLHYNizx5yWrcpVVOU="
    }
  }
}
